
Microsoft Visual Studio Solution File, Format Version 12.00
# Visual Studio Version 16
VisualStudioVersion = 16.0.31515.178
MinimumVisualStudioVersion = 10.0.40219.1
Project("{FAE04EC0-301F-11D3-BF4B-00C04F79EFBC}") = "StackLayoutTutorial.UWP", "StackLayoutTutorial\StackLayoutTutorial.UWP\StackLayoutTutorial.UWP.csproj", "{E5E2A62E-9292-4317-803E-E229E265BAC2}"
EndProject
Project("{FAE04EC0-301F-11D3-BF4B-00C04F79EFBC}") = "StackLayoutTutorial.Android", "StackLayoutTutorial\StackLayoutTutorial.Android\StackLayoutTutorial.Android.csproj", "{70857747-8239-4E10-AA15-A664A48D3F66}"
EndProject
Project("{FAE04EC0-301F-11D3-BF4B-00C04F79EFBC}") = "StackLayoutTutorial.iOS", "StackLayoutTutorial\StackLayoutTutorial.iOS\StackLayoutTutorial.iOS.csproj", "{3725FBD0-96D8-4AC7-8FCA-4BC8035DA52B}"
EndProject
Project("{FAE04EC0-301F-11D3-BF4B-00C04F79EFBC}") = "StackLayoutTutorial", "StackLayoutTutorial\StackLayoutTutorial\StackLayoutTutorial.csproj", "{BD8C4D1C-4643-4233-B6DC-290400BBF5A6}"
EndProject
Global
	GlobalSection(SolutionConfigurationPlatforms) = preSolution
		Debug|Any CPU = Debug|Any CPU
		Debug|ARM = Debug|ARM
		Debug|iPhone = Debug|iPhone
		Debug|iPhoneSimulator = Debug|iPhoneSimulator
		Debug|x64 = Debug|x64
		Debug|x86 = Debug|x86
		Release|Any CPU = Release|Any CPU
		Release|ARM = Release|ARM
		Release|iPhone = Release|iPhone
		Release|iPhoneSimulator = Release|iPhoneSimulator
		Release|x64 = Release|x64
		Release|x86 = Release|x86
	EndGlobalSection
	GlobalSection(ProjectConfigurationPlatforms) = postSolution
		{E5E2A62E-9292-4317-803E-E229E265BAC2}.Debug|Any CPU.ActiveCfg = Debug|x86
		{E5E2A62E-9292-4317-803E-E229E265BAC2}.Debug|Any CPU.Build.0 = Debug|x86
		{E5E2A62E-9292-4317-803E-E229E265BAC2}.Debug|Any CPU.Deploy.0 = Debug|x86
		{E5E2A62E-9292-4317-803E-E229E265BAC2}.Debug|ARM.ActiveCfg = Debug|ARM
		{E5E2A62E-9292-4317-803E-E229E265BAC2}.Debug|ARM.Build.0 = Debug|ARM
		{E5E2A62E-9292-4317-803E-E229E265BAC2}.Debug|ARM.Deploy.0 = Debug|ARM
		{E5E2A62E-9292-4317-803E-E229E265BAC2}.Debug|iPhone.ActiveCfg = Debug|x86
		{E5E2A62E-9292-4317-803E-E229E265BAC2}.Debug|iPhone.Build.0 = Debug|x86
		{E5E2A62E-9292-4317-803E-E229E265BAC2}.Debug|iPhone.Deploy.0 = Debug|x86
		{E5E2A62E-9292-4317-803E-E229E265BAC2}.Debug|iPhoneSimulator.ActiveCfg = Debug|x86
		{E5E2A62E-9292-4317-803E-E229E265BAC2}.Debug|iPhoneSimulator.Build.0 = Debug|x86
		{E5E2A62E-9292-4317-803E-E229E265BAC2}.Debug|iPhoneSimulator.Deploy.0 = Debug|x86
		{E5E2A62E-9292-4317-803E-E229E265BAC2}.Debug|x64.ActiveCfg = Debug|x64
		{E5E2A62E-9292-4317-803E-E229E265BAC2}.Debug|x64.Build.0 = Debug|x64
		{E5E2A62E-9292-4317-803E-E229E265BAC2}.Debug|x64.Deploy.0 = Debug|x64
		{E5E2A62E-9292-4317-803E-E229E265BAC2}.Debug|x86.ActiveCfg = Debug|x86
		{E5E2A62E-9292-4317-803E-E229E265BAC2}.Debug|x86.Build.0 = Debug|x86
		{E5E2A62E-9292-4317-803E-E229E265BAC2}.Debug|x86.Deploy.0 = Debug|x86
		{E5E2A62E-9292-4317-803E-E229E265BAC2}.Release|Any CPU.ActiveCfg = Release|x86
		{E5E2A62E-9292-4317-803E-E229E265BAC2}.Release|Any CPU.Build.0 = Release|x86
		{E5E2A62E-9292-4317-803E-E229E265BAC2}.Release|Any CPU.Deploy.0 = Release|x86
		{E5E2A62E-9292-4317-803E-E229E265BAC2}.Release|ARM.ActiveCfg = Release|ARM
		{E5E2A62E-9292-4317-803E-E229E265BAC2}.Release|ARM.Build.0 = Release|ARM
		{E5E2A62E-9292-4317-803E-E229E265BAC2}.Release|ARM.Deploy.0 = Release|ARM
		{E5E2A62E-9292-4317-803E-E229E265BAC2}.Release|iPhone.ActiveCfg = Release|x86
		{E5E2A62E-9292-4317-803E-E229E265BAC2}.Release|iPhone.Build.0 = Release|x86
		{E5E2A62E-9292-4317-803E-E229E265BAC2}.Release|iPhone.Deploy.0 = Release|x86
		{E5E2A62E-9292-4317-803E-E229E265BAC2}.Release|iPhoneSimulator.ActiveCfg = Release|x86
		{E5E2A62E-9292-4317-803E-E229E265BAC2}.Release|iPhoneSimulator.Build.0 = Release|x86
		{E5E2A62E-9292-4317-803E-E229E265BAC2}.Release|iPhoneSimulator.Deploy.0 = Release|x86
		{E5E2A62E-9292-4317-803E-E229E265BAC2}.Release|x64.ActiveCfg = Release|x64
		{E5E2A62E-9292-4317-803E-E229E265BAC2}.Release|x64.Build.0 = Release|x64
		{E5E2A62E-9292-4317-803E-E229E265BAC2}.Release|x64.Deploy.0 = Release|x64
		{E5E2A62E-9292-4317-803E-E229E265BAC2}.Release|x86.ActiveCfg = Release|x86
		{E5E2A62E-9292-4317-803E-E229E265BAC2}.Release|x86.Build.0 = Release|x86
		{E5E2A62E-9292-4317-803E-E229E265BAC2}.Release|x86.Deploy.0 = Release|x86
		{70857747-8239-4E10-AA15-A664A48D3F66}.Debug|Any CPU.ActiveCfg = Debug|Any CPU
		{70857747-8239-4E10-AA15-A664A48D3F66}.Debug|Any CPU.Build.0 = Debug|Any CPU
		{70857747-8239-4E10-AA15-A664A48D3F66}.Debug|Any CPU.Deploy.0 = Debug|Any CPU
		{70857747-8239-4E10-AA15-A664A48D3F66}.Debug|ARM.ActiveCfg = Debug|Any CPU
		{70857747-8239-4E10-AA15-A664A48D3F66}.Debug|ARM.Build.0 = Debug|Any CPU
		{70857747-8239-4E10-AA15-A664A48D3F66}.Debug|ARM.Deploy.0 = Debug|Any CPU
		{70857747-8239-4E10-AA15-A664A48D3F66}.Debug|iPhone.ActiveCfg = Debug|Any CPU
		{70857747-8239-4E10-AA15-A664A48D3F66}.Debug|iPhone.Build.0 = Debug|Any CPU
		{70857747-8239-4E10-AA15-A664A48D3F66}.Debug|iPhone.Deploy.0 = Debug|Any CPU
		{70857747-8239-4E10-AA15-A664A48D3F66}.Debug|iPhoneSimulator.ActiveCfg = Debug|Any CPU
		{70857747-8239-4E10-AA15-A664A48D3F66}.Debug|iPhoneSimulator.Build.0 = Debug|Any CPU
		{70857747-8239-4E10-AA15-A664A48D3F66}.Debug|iPhoneSimulator.Deploy.0 = Debug|Any CPU
		{70857747-8239-4E10-AA15-A664A48D3F66}.Debug|x64.ActiveCfg = Debug|Any CPU
		{70857747-8239-4E10-AA15-A664A48D3F66}.Debug|x64.Build.0 = Debug|Any CPU
		{70857747-8239-4E10-AA15-A664A48D3F66}.Debug|x64.Deploy.0 = Debug|Any CPU
		{70857747-8239-4E10-AA15-A664A48D3F66}.Debug|x86.ActiveCfg = Debug|Any CPU
		{70857747-8239-4E10-AA15-A664A48D3F66}.Debug|x86.Build.0 = Debug|Any CPU
		{70857747-8239-4E10-AA15-A664A48D3F66}.Debug|x86.Deploy.0 = Debug|Any CPU
		{70857747-8239-4E10-AA15-A664A48D3F66}.Release|Any CPU.ActiveCfg = Release|Any CPU
		{70857747-8239-4E10-AA15-A664A48D3F66}.Release|Any CPU.Build.0 = Release|Any CPU
		{70857747-8239-4E10-AA15-A664A48D3F66}.Release|Any CPU.Deploy.0 = Release|Any CPU
		{70857747-8239-4E10-AA15-A664A48D3F66}.Release|ARM.ActiveCfg = Release|Any CPU
		{70857747-8239-4E10-AA15-A664A48D3F66}.Release|ARM.Build.0 = Release|Any CPU
		{70857747-8239-4E10-AA15-A664A48D3F66}.Release|ARM.Deploy.0 = Release|Any CPU
		{70857747-8239-4E10-AA15-A664A48D3F66}.Release|iPhone.ActiveCfg = Release|Any CPU
		{70857747-8239-4E10-AA15-A664A48D3F66}.Release|iPhone.Build.0 = Release|Any CPU
		{70857747-8239-4E10-AA15-A664A48D3F66}.Release|iPhone.Deploy.0 = Release|Any CPU
		{70857747-8239-4E10-AA15-A664A48D3F66}.Release|iPhoneSimulator.ActiveCfg = Release|Any CPU
		{70857747-8239-4E10-AA15-A664A48D3F66}.Release|iPhoneSimulator.Build.0 = Release|Any CPU
		{70857747-8239-4E10-AA15-A664A48D3F66}.Release|iPhoneSimulator.Deploy.0 = Release|Any CPU
		{70857747-8239-4E10-AA15-A664A48D3F66}.Release|x64.ActiveCfg = Release|Any CPU
		{70857747-8239-4E10-AA15-A664A48D3F66}.Release|x64.Build.0 = Release|Any CPU
		{70857747-8239-4E10-AA15-A664A48D3F66}.Release|x64.Deploy.0 = Release|Any CPU
		{70857747-8239-4E10-AA15-A664A48D3F66}.Release|x86.ActiveCfg = Release|Any CPU
		{70857747-8239-4E10-AA15-A664A48D3F66}.Release|x86.Build.0 = Release|Any CPU
		{70857747-8239-4E10-AA15-A664A48D3F66}.Release|x86.Deploy.0 = Release|Any CPU
		{3725FBD0-96D8-4AC7-8FCA-4BC8035DA52B}.Debug|Any CPU.ActiveCfg = Debug|iPhoneSimulator
		{3725FBD0-96D8-4AC7-8FCA-4BC8035DA52B}.Debug|Any CPU.Build.0 = Debug|iPhoneSimulator
		{3725FBD0-96D8-4AC7-8FCA-4BC8035DA52B}.Debug|Any CPU.Deploy.0 = Debug|iPhoneSimulator
		{3725FBD0-96D8-4AC7-8FCA-4BC8035DA52B}.Debug|ARM.ActiveCfg = Debug|iPhone
		{3725FBD0-96D8-4AC7-8FCA-4BC8035DA52B}.Debug|ARM.Build.0 = Debug|iPhone
		{3725FBD0-96D8-4AC7-8FCA-4BC8035DA52B}.Debug|ARM.Deploy.0 = Debug|iPhone
		{3725FBD0-96D8-4AC7-8FCA-4BC8035DA52B}.Debug|iPhone.ActiveCfg = Debug|iPhone
		{3725FBD0-96D8-4AC7-8FCA-4BC8035DA52B}.Debug|iPhone.Build.0 = Debug|iPhone
		{3725FBD0-96D8-4AC7-8FCA-4BC8035DA52B}.Debug|iPhone.Deploy.0 = Debug|iPhone
		{3725FBD0-96D8-4AC7-8FCA-4BC8035DA52B}.Debug|iPhoneSimulator.ActiveCfg = Debug|iPhoneSimulator
		{3725FBD0-96D8-4AC7-8FCA-4BC8035DA52B}.Debug|iPhoneSimulator.Build.0 = Debug|iPhoneSimulator
		{3725FBD0-96D8-4AC7-8FCA-4BC8035DA52B}.Debug|iPhoneSimulator.Deploy.0 = Debug|iPhoneSimulator
		{3725FBD0-96D8-4AC7-8FCA-4BC8035DA52B}.Debug|x64.ActiveCfg = Debug|iPhoneSimulator
		{3725FBD0-96D8-4AC7-8FCA-4BC8035DA52B}.Debug|x64.Build.0 = Debug|iPhoneSimulator
		{3725FBD0-96D8-4AC7-8FCA-4BC8035DA52B}.Debug|x64.Deploy.0 = Debug|iPhoneSimulator
		{3725FBD0-96D8-4AC7-8FCA-4BC8035DA52B}.Debug|x86.ActiveCfg = Debug|iPhoneSimulator
		{3725FBD0-96D8-4AC7-8FCA-4BC8035DA52B}.Debug|x86.Build.0 = Debug|iPhoneSimulator
		{3725FBD0-96D8-4AC7-8FCA-4BC8035DA52B}.Debug|x86.Deploy.0 = Debug|iPhoneSimulator
		{3725FBD0-96D8-4AC7-8FCA-4BC8035DA52B}.Release|Any CPU.ActiveCfg = Release|iPhoneSimulator
		{3725FBD0-96D8-4AC7-8FCA-4BC8035DA52B}.Release|Any CPU.Build.0 = Release|iPhoneSimulator
		{3725FBD0-96D8-4AC7-8FCA-4BC8035DA52B}.Release|Any CPU.Deploy.0 = Release|iPhoneSimulator
		{3725FBD0-96D8-4AC7-8FCA-4BC8035DA52B}.Release|ARM.ActiveCfg = Release|iPhoneSimulator
		{3725FBD0-96D8-4AC7-8FCA-4BC8035DA52B}.Release|ARM.Build.0 = Release|iPhoneSimulator
		{3725FBD0-96D8-4AC7-8FCA-4BC8035DA52B}.Release|ARM.Deploy.0 = Release|iPhoneSimulator
		{3725FBD0-96D8-4AC7-8FCA-4BC8035DA52B}.Release|iPhone.ActiveCfg = Release|iPhone
		{3725FBD0-96D8-4AC7-8FCA-4BC8035DA52B}.Release|iPhone.Build.0 = Release|iPhone
		{3725FBD0-96D8-4AC7-8FCA-4BC8035DA52B}.Release|iPhone.Deploy.0 = Release|iPhone
		{3725FBD0-96D8-4AC7-8FCA-4BC8035DA52B}.Release|iPhoneSimulator.ActiveCfg = Release|iPhoneSimulator
		{3725FBD0-96D8-4AC7-8FCA-4BC8035DA52B}.Release|iPhoneSimulator.Build.0 = Release|iPhoneSimulator
		{3725FBD0-96D8-4AC7-8FCA-4BC8035DA52B}.Release|iPhoneSimulator.Deploy.0 = Release|iPhoneSimulator
		{3725FBD0-96D8-4AC7-8FCA-4BC8035DA52B}.Release|x64.ActiveCfg = Release|iPhoneSimulator
		{3725FBD0-96D8-4AC7-8FCA-4BC8035DA52B}.Release|x64.Build.0 = Release|iPhoneSimulator
		{3725FBD0-96D8-4AC7-8FCA-4BC8035DA52B}.Release|x64.Deploy.0 = Release|iPhoneSimulator
		{3725FBD0-96D8-4AC7-8FCA-4BC8035DA52B}.Release|x86.ActiveCfg = Release|iPhoneSimulator
		{3725FBD0-96D8-4AC7-8FCA-4BC8035DA52B}.Release|x86.Build.0 = Release|iPhoneSimulator
		{3725FBD0-96D8-4AC7-8FCA-4BC8035DA52B}.Release|x86.Deploy.0 = Release|iPhoneSimulator
		{BD8C4D1C-4643-4233-B6DC-290400BBF5A6}.Debug|Any CPU.ActiveCfg = Debug|Any CPU
		{BD8C4D1C-4643-4233-B6DC-290400BBF5A6}.Debug|Any CPU.Build.0 = Debug|Any CPU
		{BD8C4D1C-4643-4233-B6DC-290400BBF5A6}.Debug|Any CPU.Deploy.0 = Debug|Any CPU
		{BD8C4D1C-4643-4233-B6DC-290400BBF5A6}.Debug|ARM.ActiveCfg = Debug|Any CPU
		{BD8C4D1C-4643-4233-B6DC-290400BBF5A6}.Debug|ARM.Build.0 = Debug|Any CPU
		{BD8C4D1C-4643-4233-B6DC-290400BBF5A6}.Debug|ARM.Deploy.0 = Debug|Any CPU
		{BD8C4D1C-4643-4233-B6DC-290400BBF5A6}.Debug|iPhone.ActiveCfg = Debug|Any CPU
		{BD8C4D1C-4643-4233-B6DC-290400BBF5A6}.Debug|iPhone.Build.0 = Debug|Any CPU
		{BD8C4D1C-4643-4233-B6DC-290400BBF5A6}.Debug|iPhone.Deploy.0 = Debug|Any CPU
		{BD8C4D1C-4643-4233-B6DC-290400BBF5A6}.Debug|iPhoneSimulator.ActiveCfg = Debug|Any CPU
		{BD8C4D1C-4643-4233-B6DC-290400BBF5A6}.Debug|iPhoneSimulator.Build.0 = Debug|Any CPU
		{BD8C4D1C-4643-4233-B6DC-290400BBF5A6}.Debug|iPhoneSimulator.Deploy.0 = Debug|Any CPU
		{BD8C4D1C-4643-4233-B6DC-290400BBF5A6}.Debug|x64.ActiveCfg = Debug|Any CPU
		{BD8C4D1C-4643-4233-B6DC-290400BBF5A6}.Debug|x64.Build.0 = Debug|Any CPU
		{BD8C4D1C-4643-4233-B6DC-290400BBF5A6}.Debug|x64.Deploy.0 = Debug|Any CPU
		{BD8C4D1C-4643-4233-B6DC-290400BBF5A6}.Debug|x86.ActiveCfg = Debug|Any CPU
		{BD8C4D1C-4643-4233-B6DC-290400BBF5A6}.Debug|x86.Build.0 = Debug|Any CPU
		{BD8C4D1C-4643-4233-B6DC-290400BBF5A6}.Debug|x86.Deploy.0 = Debug|Any CPU
		{BD8C4D1C-4643-4233-B6DC-290400BBF5A6}.Release|Any CPU.ActiveCfg = Release|Any CPU
		{BD8C4D1C-4643-4233-B6DC-290400BBF5A6}.Release|Any CPU.Build.0 = Release|Any CPU
		{BD8C4D1C-4643-4233-B6DC-290400BBF5A6}.Release|Any CPU.Deploy.0 = Release|Any CPU
		{BD8C4D1C-4643-4233-B6DC-290400BBF5A6}.Release|ARM.ActiveCfg = Release|Any CPU
		{BD8C4D1C-4643-4233-B6DC-290400BBF5A6}.Release|ARM.Build.0 = Release|Any CPU
		{BD8C4D1C-4643-4233-B6DC-290400BBF5A6}.Release|ARM.Deploy.0 = Release|Any CPU
		{BD8C4D1C-4643-4233-B6DC-290400BBF5A6}.Release|iPhone.ActiveCfg = Release|Any CPU
		{BD8C4D1C-4643-4233-B6DC-290400BBF5A6}.Release|iPhone.Build.0 = Release|Any CPU
		{BD8C4D1C-4643-4233-B6DC-290400BBF5A6}.Release|iPhone.Deploy.0 = Release|Any CPU
		{BD8C4D1C-4643-4233-B6DC-290400BBF5A6}.Release|iPhoneSimulator.ActiveCfg = Release|Any CPU
		{BD8C4D1C-4643-4233-B6DC-290400BBF5A6}.Release|iPhoneSimulator.Build.0 = Release|Any CPU
		{BD8C4D1C-4643-4233-B6DC-290400BBF5A6}.Release|iPhoneSimulator.Deploy.0 = Release|Any CPU
		{BD8C4D1C-4643-4233-B6DC-290400BBF5A6}.Release|x64.ActiveCfg = Release|Any CPU
		{BD8C4D1C-4643-4233-B6DC-290400BBF5A6}.Release|x64.Build.0 = Release|Any CPU
		{BD8C4D1C-4643-4233-B6DC-290400BBF5A6}.Release|x64.Deploy.0 = Release|Any CPU
		{BD8C4D1C-4643-4233-B6DC-290400BBF5A6}.Release|x86.ActiveCfg = Release|Any CPU
		{BD8C4D1C-4643-4233-B6DC-290400BBF5A6}.Release|x86.Build.0 = Release|Any CPU
		{BD8C4D1C-4643-4233-B6DC-290400BBF5A6}.Release|x86.Deploy.0 = Release|Any CPU
	EndGlobalSection
	GlobalSection(SolutionProperties) = preSolution
		HideSolutionNode = FALSE
	EndGlobalSection
	GlobalSection(ExtensibilityGlobals) = postSolution
		SolutionGuid = {91AAB040-4AD8-4E73-ACBC-B17CD30CF689}
	EndGlobalSection
EndGlobal
